github.com/Motmedel/dns_utils v0.0.45 h1:cCYrDIErTd++WxU6AtPOvO6JonuttKtT4b9yJSwZe9I=
github.com/Motmedel/dns_utils v0.0.45/go.mod h1:DDx0f18nnneidFjdidXFJNpFz15MHIUXKgmFa22pA9o=
github.com/Motmedel/dns_utils v0.0.47 h1:mRKboAK1RsfKDTvi9+be3EKrg2T0uk6SLFuCsqW15iw=
github.com/Motmedel/dns_utils v0.0.47/go.mod h1:rN3APwBlOqwia6JXrna7qWLGEt6FTWyLo0Jt0ic6vRA=
github.com/Motmedel/dns_utils/pkg/log v0.0.10 h1:jjM7nn8LeIYKRe+jTCS5SCbKCjk/Gamcv6hhMWZotrc=
github.com/Motmedel/dns_utils/pkg/log v0.0.10/go.mod h1:phM2LOVSpFYg+VdN3nj21qTAri+y9aqY8o2eQx9RdX0=
github.com/Motmedel/ecs_go v0.0.64 h1:kPNe5ANQV2eUgyZcZ6awwJ1trT5+/HEeNdocBy+ME7M=
github.com/Motmedel/ecs_go v0.0.64/go.mod h1:iNTjkW+iqd/TlgOnoRnOpqOrB+uCbGckYGtj2fEuztE=
github.com/Motmedel/ecs_go v0.0.65 h1:RroupV9Cm+Rbg2uBHsqVE/haVPB5zi40rjNaysPevlA=
github.com/Motmedel/ecs_go v0.0.65/go.mod h1:v+wmsnskaH0xml1ik09LeDSsmw0U6IJZkuEPpR2cxkE=
github.com/Motmedel/gcp_logging_go v0.0.7 h1:/ECrmai0jrPLZ2NsO+Y0Kv+UVPogqpR2B2V8K+Dlzok=
github.com/Motmedel/gcp_logging_go v0.0.7/go.mod h1:VOnl0Xt2PdrslUIaXUJyoayld9g8KSnz3dB9MlKZyn0=
github.com/Motmedel/parsing_utils v0.0.4 h1:bO8LTo9HiIa9MYIKia1Jg5MMrCUVNCGj7eH2P3iipxk=
github.com/Motmedel/parsing_utils v0.0.4/go.mod h1:HC0h9wnTMj7ToDdaYNyp7XnJYdfXx+izbTZ5IYWS1EY=
github.com/Motmedel/utils_go v0.0.257 h1:UcYJ4GPMHFnaLQBwnx0P5G4dbFieg++uxgULTnfpNvw=
github.com/Motmedel/utils_go v0.0.257/go.mod h1:kKm8jM7GA8M7ICIImi5etOMixRgQfnStBPjEoCMTgbg=
github.com/Motmedel/utils_go/pkg/http/log v0.0.6 h1:L9l0XeJpFLLjUeB9Ss9k7oJX86GVbHRsEc94g2vXCa0=
github.com/Motmedel/utils_go/pkg/http/log v0.0.6/go.mod h1:4+aDt4ViykIKQo/8H8jXnEmfRYQ4bKLV52ullPVeUTg=
github.com/Motmedel/utils_go/pkg/http/mux v0.0.96 h1:kO/SpvHnMKzzeE4Nyc9d5zH7H5ybcWKaLWkMqqu+EMI=
github.com/Motmedel/utils_go/pkg/http/mux v0.0.96/go.mod h1:Wa7Zyi3MA5DZMTPiA3TVWpUC+8ltOwnIHlJZX4XJXJw=
github.com/Motmedel/utils_go/pkg/http/parsing/headers v0.0.23 h1:kqfNrS9E8Wv1XIELbcK5BEEPPK26oB8XBPpK/QNd8OA=
github.com/Motmedel/utils_go/pkg/http/parsing/headers v0.0.23/go.mod h1:0NsaCYHhxB2yfbNg+LgC93AJu3XijlSLWUNL6QHUZ0A=
github.com/Motmedel/utils_go/pkg/http/problem_detail v1.0.5 h1:W10vCKqxk8wwxvlXDD7+PA57RKZx/oOXp7fvQ/a09ag=
github.com/Motmedel/utils_go/pkg/http/problem_detail v1.0.5/go.mod h1:NVtWalWHHrewsfTkYjUQCaR4LqKeylOX6QOFoEadAx8=
github.com/Motmedel/utils_go/pkg/net/domain_breakdown v0.0.5 h1:57lx54tX6LbHjMNv0qGnwQB/eo7axhbDnd6rVWyWjxc=
github.com/Motmedel/utils_go/pkg/net/domain_breakdown v0.0.5/go.mod h1:sRPKDiIl1+iQ0eT9amSQKzBdFWDFXtxi32mEvBPm4BU=
github.com/altshiftab/gcp_utils v0.0.7 h1:lLCCZ7zqnxYmX3irHLhwMA/SkFfu/v+Hq9XBsP3YfJI=
github.com/altshiftab/gcp_utils v0.0.7/go.mod h1:7VZaO9dkVuKzJeAwK3XMJ7Yk7g8iBSY/Z6I5cq5NvUA=
github.com/altshiftab/gcp_utils/pkg/http v0.0.23/go.mod h1:leH7KEjzbGXdij+Za+dV6blEDXmAFb7TFeEuxlg2H40=
github.com/altshiftab/gcp_utils/pkg/http v0.0.26 h1:l1a2KpaIJd0K8V8KRvEXO5aCPD8liAvnzcffD2MMirI=
github.com/altshiftab/gcp_utils/pkg/http v0.0.26/go.mod h1:/b1H+sV3dIbhPSdjCHrCZstjs2SILsOIB1wINExCPGI=
github.com/altshiftab/gcp_utils/pkg/log v0.0.11 h1:J06WXbPTmnFSMmh+VpA7+IdARpjZqTYFPA6y8QBiHyQ=
github.com/altshiftab/gcp_utils/pkg/log v0.0.11/go.mod h1:EeXrGmeByPZem6Big8JUha8jPP4qjc6nkjEMnLqflhA=
github.com/altshiftab/mux_static_content/cmd/generate_endpoints v0.0.3 h1:75IHRxmv58+mN/c3CWWmKvcnrHF8DcGFHZ/W4jhzszw=
github.com/altshiftab/mux_static_content/cmd/generate_endpoints v0.0.3/go.mod h1:cSd8urraZKU/iIK64cCu1lcsH2Y2HoSr+U4ckQplnBk=
github.com/gammazero/deque v1.1.0 h1:OyiyReBbnEG2PP0Bnv1AASLIYvyKqIFN5xfl1t8oGLo=
github.com/gammazero/deque v1.1.0/go.mod h1:JVrR+Bj1NMQbPnYclvDlvSX0nVGReLrQZ0aUMuWLctg=
github.com/google/go-cmp v0.6.0 h1:ofyhxvXcZhMsU5ulbFiLKl/XBFqE1GSq7atu8tAmTRI=
github.com/google/go-cmp v0.6.0/go.mod h1:17dUlkBOakJ0+DkrSSNjCkIjxS6bF9zb3elmeNGIjoY=
github.com/google/uuid v1.6.0 h1:NIvaJDMOsjHA8n1jAhLSgzrAzy1Hgr+hNrb57e+94F0=
github.com/google/uuid v1.6.0/go.mod h1:TIyPZe4MgqvfeYDBFedMoGGpEw/LqOeaOT+nhxU+yHo=
github.com/hashicorp/go-uuid v1.0.3 h1:2gKiV6YVmrJ1i2CKKa9obLvRieoRGviZFL26PcT/Co8=
github.com/hashicorp/go-uuid v1.0.3/go.mod h1:6SBZvOh/SIDV7/2o3Jml5SYk/TvGqwFJ/bN7x4byOro=
github.com/miekg/dns v1.1.66 h1:FeZXOS3VCVsKnEAd+wBkjMC3D2K+ww66Cq3VnCINuJE=
github.com/miekg/dns v1.1.66/go.mod h1:jGFzBsSNbJw6z1HYut1RKBKHA9PBdxeHrZG8J+gC2WE=
github.com/miekg/dns v1.1.68 h1:jsSRkNozw7G/mnmXULynzMNIsgY2dHC8LO6U6Ij2JEA=
github.com/miekg/dns v1.1.68/go.mod h1:fujopn7TB3Pu3JM69XaawiU0wqjpL9/8xGop5UrTPps=
github.com/pandatix/go-abnf v0.3.0 h1:Go6LYFD6od0YJ+u5Vv5kggB/zWcrU46FesF+Zw8jGI8=
github.com/pandatix/go-abnf v0.3.0/go.mod h1:4WmFA0OqD5EndR/HYQWkoXvFd6i5+S94q5vCLHcrtCI=
github.com/vphpersson/code_generation_go v0.0.6 h1:5gm1Vt56QPqVDy++vJR/K9t3ExQ3WpR9oOykNE4J6uQ=
github.com/vphpersson/code_generation_go v0.0.6/go.mod h1:RMIBmCf8MefeowxVXptsvUhiET5FaEqSG9+6+tCEu3A=
golang.org/x/mod v0.24.0 h1:ZfthKaKaT4NrhGVZHO1/WDTwGES4De8KtWO0SIbNJMU=
golang.org/x/mod v0.24.0/go.mod h1:IXM97Txy2VM4PJ3gI61r1YEk/gAj6zAHN3AdZt6S9Ww=
golang.org/x/mod v0.28.0 h1:gQBtGhjxykdjY9YhZpSlZIsbnaE2+PgjfLWUQTnoZ1U=
golang.org/x/mod v0.28.0/go.mod h1:yfB/L0NOf/kmEbXjzCPOx1iK1fRutOydrCMsqRhEBxI=
golang.org/x/net v0.40.0 h1:79Xs7wF06Gbdcg4kdCCIQArK11Z1hr5POQ6+fIYHNuY=
golang.org/x/net v0.40.0/go.mod h1:y0hY0exeL2Pku80/zKK7tpntoX23cqL3Oa6njdgRtds=
golang.org/x/net v0.42.0/go.mod h1:FF1RA5d3u7nAYA4z2TkclSCKh68eSXtiFwcWQpPXdt8=
golang.org/x/net v0.44.0 h1:evd8IRDyfNBMBTTY5XRF1vaZlD+EmWx6x8PkhR04H/I=
golang.org/x/net v0.44.0/go.mod h1:ECOoLqd5U3Lhyeyo/QDCEVQ4sNgYsqvCZ722XogGieY=
golang.org/x/sync v0.14.0 h1:woo0S4Yywslg6hp4eUFjTVOyKt0RookbpAHG4c1HmhQ=
golang.org/x/sync v0.14.0/go.mod h1:1dzgHSNfp02xaA81J2MS99Qcpr2w7fw1gpm99rleRqA=
golang.org/x/sync v0.16.0/go.mod h1:1dzgHSNfp02xaA81J2MS99Qcpr2w7fw1gpm99rleRqA=
golang.org/x/sync v0.17.0 h1:l60nONMj9l5drqw6jlhIELNv9I0A4OFgRsG9k2oT9Ug=
golang.org/x/sync v0.17.0/go.mod h1:9KTHXmSnoGruLpwFjVSX0lNNA75CykiMECbovNTZqGI=
golang.org/x/sys v0.33.0 h1:q3i8TbbEz+JRD9ywIRlyRAQbM0qF7hu24q3teo2hbuw=
golang.org/x/sys v0.33.0/go.mod h1:BJP2sWEmIv4KK5OTEluFJCKSidICx8ciO85XgH3Ak8k=
golang.org/x/sys v0.34.0/go.mod h1:BJP2sWEmIv4KK5OTEluFJCKSidICx8ciO85XgH3Ak8k=
golang.org/x/sys v0.36.0 h1:KVRy2GtZBrk1cBYA7MKu5bEZFxQk4NIDV6RLVcC8o0k=
golang.org/x/sys v0.36.0/go.mod h1:OgkHotnGiDImocRcuBABYBEXf8A9a87e/uXjp9XT3ks=
golang.org/x/text v0.29.0 h1:1neNs90w9YzJ9BocxfsQNHKuAT4pkghyXc4nhZ6sJvk=
golang.org/x/text v0.29.0/go.mod h1:7MhJOA9CD2qZyOKYazxdYMF85OwPdEr9jTtBpO7ydH4=
golang.org/x/tools v0.32.0 h1:Q7N1vhpkQv7ybVzLFtTjvQya2ewbwNDZzUgfXGqtMWU=
golang.org/x/tools v0.32.0/go.mod h1:ZxrU41P/wAbZD8EDa6dDCa6XfpkhJ7HFMjHJXfBDu8s=
golang.org/x/tools v0.37.0 h1:DVSRzp7FwePZW356yEAChSdNcQo6Nsp+fex1SUW09lE=
golang.org/x/tools v0.37.0/go.mod h1:MBN5QPQtLMHVdvsbtarmTNukZDdgwdwlO5qGacAzF0w=
