github.com/Motmedel/dns_utils v0.0.47 h1:mRKboAK1RsfKDTvi9+be3EKrg2T0uk6SLFuCsqW15iw=
github.com/Motmedel/dns_utils v0.0.47/go.mod h1:rN3APwBlOqwia6JXrna7qWLGEt6FTWyLo0Jt0ic6vRA=
github.com/Motmedel/dns_utils/pkg/log v0.0.10 h1:jjM7nn8LeIYKRe+jTCS5SCbKCjk/Gamcv6hhMWZotrc=
github.com/Motmedel/dns_utils/pkg/log v0.0.10/go.mod h1:phM2LOVSpFYg+VdN3nj21qTAri+y9aqY8o2eQx9RdX0=
github.com/Motmedel/ecs_go v0.0.65 h1:RroupV9Cm+Rbg2uBHsqVE/haVPB5zi40rjNaysPevlA=
github.com/Motmedel/ecs_go v0.0.65/go.mod h1:v+wmsnskaH0xml1ik09LeDSsmw0U6IJZkuEPpR2cxkE=
github.com/Motmedel/gcp_logging_go v0.0.7 h1:/ECrmai0jrPLZ2NsO+Y0Kv+UVPogqpR2B2V8K+Dlzok=
github.com/Motmedel/gcp_logging_go v0.0.7/go.mod h1:VOnl0Xt2PdrslUIaXUJyoayld9g8KSnz3dB9MlKZyn0=
github.com/Motmedel/jsonschema v0.0.1 h1:3x+ZtY9JMTNwAQP6aisfDdI3hGniCgOlFPREnR+FreI=
github.com/Motmedel/jsonschema v0.0.1/go.mod h1:Q9Sd9xgmMGWvxumCGhc/OioTzUfOMTEK249O/Zfrkpw=
github.com/Motmedel/parsing_utils v0.0.4 h1:bO8LTo9HiIa9MYIKia1Jg5MMrCUVNCGj7eH2P3iipxk=
github.com/Motmedel/parsing_utils v0.0.4/go.mod h1:HC0h9wnTMj7ToDdaYNyp7XnJYdfXx+izbTZ5IYWS1EY=
github.com/Motmedel/utils_go v0.0.276 h1:38VTus5GlNI/ME7kqZEUWVyHhSgfSSLk0OAM88B7o5o=
github.com/Motmedel/utils_go v0.0.276/go.mod h1:kKm8jM7GA8M7ICIImi5etOMixRgQfnStBPjEoCMTgbg=
github.com/Motmedel/utils_go/pkg/http/log v0.0.6 h1:L9l0XeJpFLLjUeB9Ss9k7oJX86GVbHRsEc94g2vXCa0=
github.com/Motmedel/utils_go/pkg/http/log v0.0.6/go.mod h1:4+aDt4ViykIKQo/8H8jXnEmfRYQ4bKLV52ullPVeUTg=
github.com/Motmedel/utils_go/pkg/http/mux v0.0.98 h1:lQyMoKj1zf+q1PkF4Rz33M7IfOHH2++BjBo3XY/QqJw=
github.com/Motmedel/utils_go/pkg/http/mux v0.0.98/go.mod h1:Wa7Zyi3MA5DZMTPiA3TVWpUC+8ltOwnIHlJZX4XJXJw=
github.com/Motmedel/utils_go/pkg/http/mux/utils/body_parser/json/schema v0.0.14 h1:BCxS3FMWqUWTmM9c3bHhc1BwkB0+//LzJ+K4deVa4I8=
github.com/Motmedel/utils_go/pkg/http/mux/utils/body_parser/json/schema v0.0.14/go.mod h1:lXu3bp/3A5Gf2GyQoeUPeC4NqlNaKFJaNJ8VKohOHfA=
github.com/Motmedel/utils_go/pkg/http/parsing/headers v0.0.29 h1:ReE/p3ESzekZCulKjUXU5ecuuaGXF1h2XRHBwaRimnU=
github.com/Motmedel/utils_go/pkg/http/parsing/headers v0.0.29/go.mod h1:Gyc8cjWKzBOLiHZZkR+8GhwxxKFPxSaPCFaE5oqoReI=
github.com/Motmedel/utils_go/pkg/http/problem_detail v1.0.5 h1:W10vCKqxk8wwxvlXDD7+PA57RKZx/oOXp7fvQ/a09ag=
github.com/Motmedel/utils_go/pkg/http/problem_detail v1.0.5/go.mod h1:NVtWalWHHrewsfTkYjUQCaR4LqKeylOX6QOFoEadAx8=
github.com/Motmedel/utils_go/pkg/json/schema v0.0.5 h1:LKQBrM6I9ytBeQ8jKe7nYEos1t+YXmID6VVPjkQszNU=
github.com/Motmedel/utils_go/pkg/json/schema v0.0.5/go.mod h1:x3CdrGeftIXIGjGGOMz9GTGBLXSvDVp5r5ySnwk4TtY=
github.com/Motmedel/utils_go/pkg/net/domain_breakdown v0.0.5 h1:57lx54tX6LbHjMNv0qGnwQB/eo7axhbDnd6rVWyWjxc=
github.com/Motmedel/utils_go/pkg/net/domain_breakdown v0.0.5/go.mod h1:sRPKDiIl1+iQ0eT9amSQKzBdFWDFXtxi32mEvBPm4BU=
github.com/altshiftab/gcp_utils v0.0.7 h1:lLCCZ7zqnxYmX3irHLhwMA/SkFfu/v+Hq9XBsP3YfJI=
github.com/altshiftab/gcp_utils v0.0.7/go.mod h1:7VZaO9dkVuKzJeAwK3XMJ7Yk7g8iBSY/Z6I5cq5NvUA=
github.com/altshiftab/gcp_utils/pkg/http v0.0.28 h1:Ax5hfjjAwDOPV82NsqxRop2KONC7YFK9uNA8ZbgsDUg=
github.com/altshiftab/gcp_utils/pkg/http v0.0.28/go.mod h1:chI6IIAPyDlQpFoAEwL51t6kA73QIP5NorBfm0/CCgs=
github.com/altshiftab/gcp_utils/pkg/log v0.0.11 h1:J06WXbPTmnFSMmh+VpA7+IdARpjZqTYFPA6y8QBiHyQ=
github.com/altshiftab/gcp_utils/pkg/log v0.0.11/go.mod h1:EeXrGmeByPZem6Big8JUha8jPP4qjc6nkjEMnLqflhA=
github.com/altshiftab/mux_static_content/cmd/generate_endpoints v0.0.4 h1:x6prVNs9T++vnO3O7S6vuJrA2UcWhGsh3Vy34joTxiA=
github.com/altshiftab/mux_static_content/cmd/generate_endpoints v0.0.4/go.mod h1:a209c9NjpXYjrgQkAer9Ze1orEsfi/rBgYm5dMZLK0M=
github.com/bool64/dev v0.2.39 h1:kP8DnMGlWXhGYJEZE/J0l/gVBdbuhoPGL+MJG4QbofE=
github.com/bool64/dev v0.2.39/go.mod h1:iJbh1y/HkunEPhgebWRNcs8wfGq7sjvJ6W5iabL8ACg=
github.com/bool64/shared v0.1.5 h1:fp3eUhBsrSjNCQPcSdQqZxxh9bBwrYiZ+zOKFkM0/2E=
github.com/bool64/shared v0.1.5/go.mod h1:081yz68YC9jeFB3+Bbmno2RFWvGKv1lPKkMP6MHJlPs=
github.com/davecgh/go-spew v1.1.1 h1:vj9j/u1bqnvCEfJOwUhtlOARqs3+rkHYY13jYWTU97c=
github.com/davecgh/go-spew v1.1.1/go.mod h1:J7Y8YcW2NihsgmVo/mv3lAwl/skON4iLHjSsI+c5H38=
github.com/gammazero/deque v1.1.0 h1:OyiyReBbnEG2PP0Bnv1AASLIYvyKqIFN5xfl1t8oGLo=
github.com/gammazero/deque v1.1.0/go.mod h1:JVrR+Bj1NMQbPnYclvDlvSX0nVGReLrQZ0aUMuWLctg=
github.com/goccy/go-json v0.10.5 h1:Fq85nIqj+gXn/S5ahsiTlK3TmC85qgirsdTP/+DeaC4=
github.com/goccy/go-json v0.10.5/go.mod h1:oq7eo15ShAhp70Anwd5lgX2pLfOS3QCiwU/PULtXL6M=
github.com/google/go-cmp v0.7.0 h1:wk8382ETsv4JYUZwIsn6YpYiWiBsYLSJiTsyBybVuN8=
github.com/google/go-cmp v0.7.0/go.mod h1:pXiqmnSA92OHEEa9HXL2W4E7lf9JzCmGVUdgjX3N/iU=
github.com/google/uuid v1.6.0 h1:NIvaJDMOsjHA8n1jAhLSgzrAzy1Hgr+hNrb57e+94F0=
github.com/google/uuid v1.6.0/go.mod h1:TIyPZe4MgqvfeYDBFedMoGGpEw/LqOeaOT+nhxU+yHo=
github.com/gotnospirit/makeplural v0.0.0-20180622080156-a5f48d94d976 h1:b70jEaX2iaJSPZULSUxKtm73LBfsCrMsIlYCUgNGSIs=
github.com/gotnospirit/makeplural v0.0.0-20180622080156-a5f48d94d976/go.mod h1:ZGQeOwybjD8lkCjIyJfqR5LD2wMVHJ31d6GdPxoTsWY=
github.com/gotnospirit/messageformat v0.0.0-20221001023931-dfe49f1eb092 h1:c7gcNWTSr1gtLp6PyYi3wzvFCEcHJ4YRobDgqmIgf7Q=
github.com/gotnospirit/messageformat v0.0.0-20221001023931-dfe49f1eb092/go.mod h1:ZZAN4fkkful3l1lpJwF8JbW41ZiG9TwJ2ZlqzQovBNU=
github.com/hashicorp/go-uuid v1.0.3 h1:2gKiV6YVmrJ1i2CKKa9obLvRieoRGviZFL26PcT/Co8=
github.com/hashicorp/go-uuid v1.0.3/go.mod h1:6SBZvOh/SIDV7/2o3Jml5SYk/TvGqwFJ/bN7x4byOro=
github.com/iancoleman/orderedmap v0.3.0 h1:5cbR2grmZR/DiVt+VJopEhtVs9YGInGIxAoMJn+Ichc=
github.com/iancoleman/orderedmap v0.3.0/go.mod h1:XuLcCUkdL5owUCQeF2Ue9uuw1EptkJDkXXS7VoV7XGE=
github.com/kaptinlin/go-i18n v0.1.4 h1:wCiwAn1LOcvymvWIVAM4m5dUAMiHunTdEubLDk4hTGs=
github.com/kaptinlin/go-i18n v0.1.4/go.mod h1:g1fn1GvTgT4CiLE8/fFE1hboHWJ6erivrDpiDtCcFKg=
github.com/miekg/dns v1.1.68 h1:jsSRkNozw7G/mnmXULynzMNIsgY2dHC8LO6U6Ij2JEA=
github.com/miekg/dns v1.1.68/go.mod h1:fujopn7TB3Pu3JM69XaawiU0wqjpL9/8xGop5UrTPps=
github.com/pandatix/go-abnf v0.3.0 h1:Go6LYFD6od0YJ+u5Vv5kggB/zWcrU46FesF+Zw8jGI8=
github.com/pandatix/go-abnf v0.3.0/go.mod h1:4WmFA0OqD5EndR/HYQWkoXvFd6i5+S94q5vCLHcrtCI=
github.com/pelletier/go-toml/v2 v2.2.4 h1:mye9XuhQ6gvn5h28+VilKrrPoQVanw5PMw/TB0t5Ec4=
github.com/pelletier/go-toml/v2 v2.2.4/go.mod h1:2gIqNv+qfxSVS7cM2xJQKtLSTLUE9V8t9Stt+h56mCY=
github.com/pmezard/go-difflib v1.0.0 h1:4DBwDE0NGyQoBHbLQYPwSUPoCMWR5BEzIk/f1lZbAQM=
github.com/pmezard/go-difflib v1.0.0/go.mod h1:iKH77koFhYxTK1pcRnkKkqfTogsbg7gZNVY4sRDYZ/4=
github.com/sergi/go-diff v1.3.1 h1:xkr+Oxo4BOQKmkn/B9eMK0g5Kg/983T9DqqPHwYqD+8=
github.com/sergi/go-diff v1.3.1/go.mod h1:aMJSSKb2lpPvRNec0+w3fl7LP9IOFzdc9Pa4NFbPK1I=
github.com/stretchr/testify v1.10.0 h1:Xv5erBjTwe/5IxqUQTdXv5kgmIvbHo3QQyRwhJsOfJA=
github.com/stretchr/testify v1.10.0/go.mod h1:r2ic/lqez/lEtzL7wO/rwa5dbSLXVDPFyf8C91i36aY=
github.com/swaggest/assertjson v1.9.0 h1:dKu0BfJkIxv/xe//mkCrK5yZbs79jL7OVf9Ija7o2xQ=
github.com/swaggest/assertjson v1.9.0/go.mod h1:b+ZKX2VRiUjxfUIal0HDN85W0nHPAYUbYH5WkkSsFsU=
github.com/swaggest/jsonschema-go v0.3.78 h1:5+YFQrLxOR8z6CHvgtZc42WRy/Q9zRQQ4HoAxlinlHw=
github.com/swaggest/jsonschema-go v0.3.78/go.mod h1:4nniXBuE+FIGkOGuidjOINMH7OEqZK3HCSbfDuLRI0g=
github.com/swaggest/refl v1.4.0 h1:CftOSdTqRqs100xpFOT/Rifss5xBV/CT0S/FN60Xe9k=
github.com/swaggest/refl v1.4.0/go.mod h1:4uUVFVfPJ0NSX9FPwMPspeHos9wPFlCMGoPRllUbpvA=
github.com/vphpersson/code_generation v0.0.9 h1:Qno9N6zc8Mu0S+TR5mh393PYIkgT3IHfmDz7X9tBDcU=
github.com/vphpersson/code_generation v0.0.9/go.mod h1:vQkQrdFhL5P7xeCQktA7aNIt0tI5013Rz3P08zKP1TU=
github.com/vphpersson/code_generation/cmd/translate_json_object v0.0.3 h1:l1n2SEpChZjiqQD4zGm6oYYzwucsT0hw32rBcxGQqSE=
github.com/vphpersson/code_generation/cmd/translate_json_object v0.0.3/go.mod h1:jnNsKFfoKSjQTL+MynPWr7kLfBSb7QPTtnIixO3xTJE=
github.com/vphpersson/code_generation_go v0.0.6 h1:5gm1Vt56QPqVDy++vJR/K9t3ExQ3WpR9oOykNE4J6uQ=
github.com/vphpersson/code_generation_go v0.0.6/go.mod h1:RMIBmCf8MefeowxVXptsvUhiET5FaEqSG9+6+tCEu3A=
github.com/yudai/gojsondiff v1.0.0 h1:27cbfqXLVEJ1o8I6v3y9lg8Ydm53EKqHXAOMxEGlCOA=
github.com/yudai/gojsondiff v1.0.0/go.mod h1:AY32+k2cwILAkW1fbgxQ5mUmMiZFgLIV+FBNExI05xg=
github.com/yudai/golcs v0.0.0-20170316035057-ecda9a501e82 h1:BHyfKlQyqbsFN5p3IfnEUduWvb9is428/nNb5L3U01M=
github.com/yudai/golcs v0.0.0-20170316035057-ecda9a501e82/go.mod h1:lgjkn3NuSvDfVJdfcVVdX+jpBxNmX4rDAzaS45IcYoM=
golang.org/x/mod v0.28.0 h1:gQBtGhjxykdjY9YhZpSlZIsbnaE2+PgjfLWUQTnoZ1U=
golang.org/x/mod v0.28.0/go.mod h1:yfB/L0NOf/kmEbXjzCPOx1iK1fRutOydrCMsqRhEBxI=
golang.org/x/net v0.44.0 h1:evd8IRDyfNBMBTTY5XRF1vaZlD+EmWx6x8PkhR04H/I=
golang.org/x/net v0.44.0/go.mod h1:ECOoLqd5U3Lhyeyo/QDCEVQ4sNgYsqvCZ722XogGieY=
golang.org/x/sync v0.17.0 h1:l60nONMj9l5drqw6jlhIELNv9I0A4OFgRsG9k2oT9Ug=
golang.org/x/sync v0.17.0/go.mod h1:9KTHXmSnoGruLpwFjVSX0lNNA75CykiMECbovNTZqGI=
golang.org/x/sys v0.36.0 h1:KVRy2GtZBrk1cBYA7MKu5bEZFxQk4NIDV6RLVcC8o0k=
golang.org/x/sys v0.36.0/go.mod h1:OgkHotnGiDImocRcuBABYBEXf8A9a87e/uXjp9XT3ks=
golang.org/x/text v0.29.0 h1:1neNs90w9YzJ9BocxfsQNHKuAT4pkghyXc4nhZ6sJvk=
golang.org/x/text v0.29.0/go.mod h1:7MhJOA9CD2qZyOKYazxdYMF85OwPdEr9jTtBpO7ydH4=
golang.org/x/tools v0.37.0 h1:DVSRzp7FwePZW356yEAChSdNcQo6Nsp+fex1SUW09lE=
golang.org/x/tools v0.37.0/go.mod h1:MBN5QPQtLMHVdvsbtarmTNukZDdgwdwlO5qGacAzF0w=
gopkg.in/yaml.v3 v3.0.1 h1:fxVm/GzAzEWqLHuvctI91KS9hhNmmWOoWu0XTYJS7CA=
gopkg.in/yaml.v3 v3.0.1/go.mod h1:K4uyk7z7BCEPqu6E+C64Yfv1cQ7kz7rIZviUmN+EgEM=
